
Microsoft Visual Studio Solution File, Format Version 12.00
Project("{FAE04EC0-301F-11D3-BF4B-00C04F79EFBC}") = "MangaLibrary.Api", "MangaLibrary.Api\MangaLibrary.Api.csproj", "{B67ED42D-10DF-449F-A055-F2AF185A410C}"
EndProject
Global
	GlobalSection(SolutionConfigurationPlatforms) = preSolution
		Debug|Any CPU = Debug|Any CPU
		Release|Any CPU = Release|Any CPU
	EndGlobalSection
	GlobalSection(ProjectConfigurationPlatforms) = postSolution
		{B67ED42D-10DF-449F-A055-F2AF185A410C}.Debug|Any CPU.ActiveCfg = Debug|Any CPU
		{B67ED42D-10DF-449F-A055-F2AF185A410C}.Debug|Any CPU.Build.0 = Debug|Any CPU
		{B67ED42D-10DF-449F-A055-F2AF185A410C}.Release|Any CPU.ActiveCfg = Release|Any CPU
		{B67ED42D-10DF-449F-A055-F2AF185A410C}.Release|Any CPU.Build.0 = Release|Any CPU
	EndGlobalSection
EndGlobal
